
Microsoft Visual Studio Solution File, Format Version 12.00
# Visual Studio Version 17
VisualStudioVersion = 17.10.35122.118
MinimumVisualStudioVersion = 10.0.40219.1
Project("{FAE04EC0-301F-11D3-BF4B-00C04F79EFBC}") = "pyme.Android", "pyme\pyme.Android\pyme.Android.csproj", "{B91D2725-E14A-4F2B-873A-BA7717266287}"
EndProject
Project("{FAE04EC0-301F-11D3-BF4B-00C04F79EFBC}") = "pyme.iOS", "pyme\pyme.iOS\pyme.iOS.csproj", "{2F1BC53E-3A26-4F3F-ADB2-66FB4E7B7498}"
EndProject
Project("{FAE04EC0-301F-11D3-BF4B-00C04F79EFBC}") = "pyme", "pyme\pyme\pyme.csproj", "{33A8DC62-B68C-4291-85AB-52F6BA960067}"
EndProject
Global
	GlobalSection(SolutionConfigurationPlatforms) = preSolution
		Debug|Any CPU = Debug|Any CPU
		Debug|iPhone = Debug|iPhone
		Debug|iPhoneSimulator = Debug|iPhoneSimulator
		Release|Any CPU = Release|Any CPU
		Release|iPhone = Release|iPhone
		Release|iPhoneSimulator = Release|iPhoneSimulator
	EndGlobalSection
	GlobalSection(ProjectConfigurationPlatforms) = postSolution
		{B91D2725-E14A-4F2B-873A-BA7717266287}.Debug|Any CPU.ActiveCfg = Debug|Any CPU
		{B91D2725-E14A-4F2B-873A-BA7717266287}.Debug|Any CPU.Build.0 = Debug|Any CPU
		{B91D2725-E14A-4F2B-873A-BA7717266287}.Debug|Any CPU.Deploy.0 = Debug|Any CPU
		{B91D2725-E14A-4F2B-873A-BA7717266287}.Debug|iPhone.ActiveCfg = Debug|Any CPU
		{B91D2725-E14A-4F2B-873A-BA7717266287}.Debug|iPhone.Build.0 = Debug|Any CPU
		{B91D2725-E14A-4F2B-873A-BA7717266287}.Debug|iPhone.Deploy.0 = Debug|Any CPU
		{B91D2725-E14A-4F2B-873A-BA7717266287}.Debug|iPhoneSimulator.ActiveCfg = Debug|Any CPU
		{B91D2725-E14A-4F2B-873A-BA7717266287}.Debug|iPhoneSimulator.Build.0 = Debug|Any CPU
		{B91D2725-E14A-4F2B-873A-BA7717266287}.Debug|iPhoneSimulator.Deploy.0 = Debug|Any CPU
		{B91D2725-E14A-4F2B-873A-BA7717266287}.Release|Any CPU.ActiveCfg = Release|Any CPU
		{B91D2725-E14A-4F2B-873A-BA7717266287}.Release|Any CPU.Build.0 = Release|Any CPU
		{B91D2725-E14A-4F2B-873A-BA7717266287}.Release|Any CPU.Deploy.0 = Release|Any CPU
		{B91D2725-E14A-4F2B-873A-BA7717266287}.Release|iPhone.ActiveCfg = Release|Any CPU
		{B91D2725-E14A-4F2B-873A-BA7717266287}.Release|iPhone.Build.0 = Release|Any CPU
		{B91D2725-E14A-4F2B-873A-BA7717266287}.Release|iPhone.Deploy.0 = Release|Any CPU
		{B91D2725-E14A-4F2B-873A-BA7717266287}.Release|iPhoneSimulator.ActiveCfg = Release|Any CPU
		{B91D2725-E14A-4F2B-873A-BA7717266287}.Release|iPhoneSimulator.Build.0 = Release|Any CPU
		{B91D2725-E14A-4F2B-873A-BA7717266287}.Release|iPhoneSimulator.Deploy.0 = Release|Any CPU
		{2F1BC53E-3A26-4F3F-ADB2-66FB4E7B7498}.Debug|Any CPU.ActiveCfg = Debug|iPhone
		{2F1BC53E-3A26-4F3F-ADB2-66FB4E7B7498}.Debug|Any CPU.Build.0 = Debug|iPhone
		{2F1BC53E-3A26-4F3F-ADB2-66FB4E7B7498}.Debug|Any CPU.Deploy.0 = Debug|iPhone
		{2F1BC53E-3A26-4F3F-ADB2-66FB4E7B7498}.Debug|iPhone.ActiveCfg = Debug|iPhone
		{2F1BC53E-3A26-4F3F-ADB2-66FB4E7B7498}.Debug|iPhone.Build.0 = Debug|iPhone
		{2F1BC53E-3A26-4F3F-ADB2-66FB4E7B7498}.Debug|iPhone.Deploy.0 = Debug|iPhone
		{2F1BC53E-3A26-4F3F-ADB2-66FB4E7B7498}.Debug|iPhoneSimulator.ActiveCfg = Debug|iPhoneSimulator
		{2F1BC53E-3A26-4F3F-ADB2-66FB4E7B7498}.Debug|iPhoneSimulator.Build.0 = Debug|iPhoneSimulator
		{2F1BC53E-3A26-4F3F-ADB2-66FB4E7B7498}.Debug|iPhoneSimulator.Deploy.0 = Debug|iPhoneSimulator
		{2F1BC53E-3A26-4F3F-ADB2-66FB4E7B7498}.Release|Any CPU.ActiveCfg = Release|iPhoneSimulator
		{2F1BC53E-3A26-4F3F-ADB2-66FB4E7B7498}.Release|Any CPU.Build.0 = Release|iPhoneSimulator
		{2F1BC53E-3A26-4F3F-ADB2-66FB4E7B7498}.Release|Any CPU.Deploy.0 = Release|iPhoneSimulator
		{2F1BC53E-3A26-4F3F-ADB2-66FB4E7B7498}.Release|iPhone.ActiveCfg = Release|iPhone
		{2F1BC53E-3A26-4F3F-ADB2-66FB4E7B7498}.Release|iPhone.Build.0 = Release|iPhone
		{2F1BC53E-3A26-4F3F-ADB2-66FB4E7B7498}.Release|iPhone.Deploy.0 = Release|iPhone
		{2F1BC53E-3A26-4F3F-ADB2-66FB4E7B7498}.Release|iPhoneSimulator.ActiveCfg = Release|iPhoneSimulator
		{2F1BC53E-3A26-4F3F-ADB2-66FB4E7B7498}.Release|iPhoneSimulator.Build.0 = Release|iPhoneSimulator
		{2F1BC53E-3A26-4F3F-ADB2-66FB4E7B7498}.Release|iPhoneSimulator.Deploy.0 = Release|iPhoneSimulator
		{33A8DC62-B68C-4291-85AB-52F6BA960067}.Debug|Any CPU.ActiveCfg = Debug|Any CPU
		{33A8DC62-B68C-4291-85AB-52F6BA960067}.Debug|Any CPU.Build.0 = Debug|Any CPU
		{33A8DC62-B68C-4291-85AB-52F6BA960067}.Debug|Any CPU.Deploy.0 = Debug|Any CPU
		{33A8DC62-B68C-4291-85AB-52F6BA960067}.Debug|iPhone.ActiveCfg = Debug|Any CPU
		{33A8DC62-B68C-4291-85AB-52F6BA960067}.Debug|iPhone.Build.0 = Debug|Any CPU
		{33A8DC62-B68C-4291-85AB-52F6BA960067}.Debug|iPhone.Deploy.0 = Debug|Any CPU
		{33A8DC62-B68C-4291-85AB-52F6BA960067}.Debug|iPhoneSimulator.ActiveCfg = Debug|Any CPU
		{33A8DC62-B68C-4291-85AB-52F6BA960067}.Debug|iPhoneSimulator.Build.0 = Debug|Any CPU
		{33A8DC62-B68C-4291-85AB-52F6BA960067}.Debug|iPhoneSimulator.Deploy.0 = Debug|Any CPU
		{33A8DC62-B68C-4291-85AB-52F6BA960067}.Release|Any CPU.ActiveCfg = Release|Any CPU
		{33A8DC62-B68C-4291-85AB-52F6BA960067}.Release|Any CPU.Build.0 = Release|Any CPU
		{33A8DC62-B68C-4291-85AB-52F6BA960067}.Release|Any CPU.Deploy.0 = Release|Any CPU
		{33A8DC62-B68C-4291-85AB-52F6BA960067}.Release|iPhone.ActiveCfg = Release|Any CPU
		{33A8DC62-B68C-4291-85AB-52F6BA960067}.Release|iPhone.Build.0 = Release|Any CPU
		{33A8DC62-B68C-4291-85AB-52F6BA960067}.Release|iPhone.Deploy.0 = Release|Any CPU
		{33A8DC62-B68C-4291-85AB-52F6BA960067}.Release|iPhoneSimulator.ActiveCfg = Release|Any CPU
		{33A8DC62-B68C-4291-85AB-52F6BA960067}.Release|iPhoneSimulator.Build.0 = Release|Any CPU
		{33A8DC62-B68C-4291-85AB-52F6BA960067}.Release|iPhoneSimulator.Deploy.0 = Release|Any CPU
	EndGlobalSection
	GlobalSection(SolutionProperties) = preSolution
		HideSolutionNode = FALSE
	EndGlobalSection
	GlobalSection(ExtensibilityGlobals) = postSolution
		SolutionGuid = {8A14C04C-4DA0-4140-92F6-01E804378AB0}
	EndGlobalSection
EndGlobal
